// !$*UTF8*$!
{
	archiveVersion = 1;
	classes = {
	};
	objectVersion = 50;
	objects = {

/* Begin PBXBuildFile section */
		1949534A25B7BB4C00722B49 /* StockChartsApp.swift in Sources */ = {isa = PBXBuildFile; fileRef = 1949534925B7BB4C00722B49 /* StockChartsApp.swift */; };
		1949534C25B7BB4C00722B49 /* ContentView.swift in Sources */ = {isa = PBXBuildFile; fileRef = 1949534B25B7BB4C00722B49 /* ContentView.swift */; };
		1949534E25B7BB5000722B49 /* Assets.xcassets in Resources */ = {isa = PBXBuildFile; fileRef = 1949534D25B7BB5000722B49 /* Assets.xcassets */; };
		1949535125B7BB5000722B49 /* Preview Assets.xcassets in Resources */ = {isa = PBXBuildFile; fileRef = 1949535025B7BB5000722B49 /* Preview Assets.xcassets */; };
		1949535C25B7BB5000722B49 /* StockChartsTests.swift in Sources */ = {isa = PBXBuildFile; fileRef = 1949535B25B7BB5000722B49 /* StockChartsTests.swift */; };
		1949536725B7BB5000722B49 /* StockChartsUITests.swift in Sources */ = {isa = PBXBuildFile; fileRef = 1949536625B7BB5000722B49 /* StockChartsUITests.swift */; };
/* End PBXBuildFile section */

/* Begin PBXContainerItemProxy section */
		1949535825B7BB5000722B49 /* PBXContainerItemProxy */ = {
			isa = PBXContainerItemProxy;
			containerPortal = 1949533E25B7BB4C00722B49 /* Project object */;
			proxyType = 1;
			remoteGlobalIDString = 1949534525B7BB4C00722B49;
			remoteInfo = StockCharts;
		};
		1949536325B7BB5000722B49 /* PBXContainerItemProxy */ = {
			isa = PBXContainerItemProxy;
			containerPortal = 1949533E25B7BB4C00722B49 /* Project object */;
			proxyType = 1;
			remoteGlobalIDString = 1949534525B7BB4C00722B49;
			remoteInfo = StockCharts;
		};
/* End PBXContainerItemProxy section */

/* Begin PBXFileReference section */
		1949534625B7BB4C00722B49 /* StockCharts.app */ = {isa = PBXFileReference; explicitFileType = wrapper.application; includeInIndex = 0; path = StockCharts.app; sourceTree = BUILT_PRODUCTS_DIR; };
		1949534925B7BB4C00722B49 /* StockChartsApp.swift */ = {isa = PBXFileReference; lastKnownFileType = sourcecode.swift; path = StockChartsApp.swift; sourceTree = "<group>"; };
		1949534B25B7BB4C00722B49 /* ContentView.swift */ = {isa = PBXFileReference; lastKnownFileType = sourcecode.swift; path = ContentView.swift; sourceTree = "<group>"; };
		1949534D25B7BB5000722B49 /* Assets.xcassets */ = {isa = PBXFileReference; lastKnownFileType = folder.assetcatalog; path = Assets.xcassets; sourceTree = "<group>"; };
		1949535025B7BB5000722B49 /* Preview Assets.xcassets */ = {isa = PBXFileReference; lastKnownFileType = folder.assetcatalog; path = "Preview Assets.xcassets"; sourceTree = "<group>"; };
		1949535225B7BB5000722B49 /* Info.plist */ = {isa = PBXFileReference; lastKnownFileType = text.plist.xml; path = Info.plist; sourceTree = "<group>"; };
		1949535725B7BB5000722B49 /* StockChartsTests.xctest */ = {isa = PBXFileReference; explicitFileType = wrapper.cfbundle; includeInIndex = 0; path = StockChartsTests.xctest; sourceTree = BUILT_PRODUCTS_DIR; };
		1949535B25B7BB5000722B49 /* StockChartsTests.swift */ = {isa = PBXFileReference; lastKnownFileType = sourcecode.swift; path = StockChartsTests.swift; sourceTree = "<group>"; };
		1949535D25B7BB5000722B49 /* Info.plist */ = {isa = PBXFileReference; lastKnownFileType = text.plist.xml; path = Info.plist; sourceTree = "<group>"; };
		1949536225B7BB5000722B49 /* StockChartsUITests.xctest */ = {isa = PBXFileReference; explicitFileType = wrapper.cfbundle; includeInIndex = 0; path = StockChartsUITests.xctest; sourceTree = BUILT_PRODUCTS_DIR; };
		1949536625B7BB5000722B49 /* StockChartsUITests.swift */ = {isa = PBXFileReference; lastKnownFileType = sourcecode.swift; path = StockChartsUITests.swift; sourceTree = "<group>"; };
		1949536825B7BB5000722B49 /* Info.plist */ = {isa = PBXFileReference; lastKnownFileType = text.plist.xml; path = Info.plist; sourceTree = "<group>"; };
/* End PBXFileReference section */

/* Begin PBXFrameworksBuildPhase section */
		1949534325B7BB4C00722B49 /* Frameworks */ = {
			isa = PBXFrameworksBuildPhase;
			buildActionMask = 2147483647;
			files = (
			);
			runOnlyForDeploymentPostprocessing = 0;
		};
		1949535425B7BB5000722B49 /* Frameworks */ = {
			isa = PBXFrameworksBuildPhase;
			buildActionMask = 2147483647;
			files = (
			);
			runOnlyForDeploymentPostprocessing = 0;
		};
		1949535F25B7BB5000722B49 /* Frameworks */ = {
			isa = PBXFrameworksBuildPhase;
			buildActionMask = 2147483647;
			files = (
			);
			runOnlyForDeploymentPostprocessing = 0;
		};
/* End PBXFrameworksBuildPhase section */

/* Begin PBXGroup section */
		1949533D25B7BB4C00722B49 = {
			isa = PBXGroup;
			children = (
				1949534825B7BB4C00722B49 /* StockCharts */,
				1949535A25B7BB5000722B49 /* StockChartsTests */,
				1949536525B7BB5000722B49 /* StockChartsUITests */,
				1949534725B7BB4C00722B49 /* Products */,
			);
			sourceTree = "<group>";
		};
		1949534725B7BB4C00722B49 /* Products */ = {
			isa = PBXGroup;
			children = (
				1949534625B7BB4C00722B49 /* StockCharts.app */,
				1949535725B7BB5000722B49 /* StockChartsTests.xctest */,
				1949536225B7BB5000722B49 /* StockChartsUITests.xctest */,
			);
			name = Products;
			sourceTree = "<group>";
		};
		1949534825B7BB4C00722B49 /* StockCharts */ = {
			isa = PBXGroup;
			children = (
				1949534925B7BB4C00722B49 /* StockChartsApp.swift */,
				1949534B25B7BB4C00722B49 /* ContentView.swift */,
				1949534D25B7BB5000722B49 /* Assets.xcassets */,
				1949535225B7BB5000722B49 /* Info.plist */,
				1949534F25B7BB5000722B49 /* Preview Content */,
			);
			path = StockCharts;
			sourceTree = "<group>";
		};
		1949534F25B7BB5000722B49 /* Preview Content */ = {
			isa = PBXGroup;
			children = (
				1949535025B7BB5000722B49 /* Preview Assets.xcassets */,
			);
			path = "Preview Content";
			sourceTree = "<group>";
		};
		1949535A25B7BB5000722B49 /* StockChartsTests */ = {
			isa = PBXGroup;
			children = (
				1949535B25B7BB5000722B49 /* StockChartsTests.swift */,
				1949535D25B7BB5000722B49 /* Info.plist */,
			);
			path = StockChartsTests;
			sourceTree = "<group>";
		};
		1949536525B7BB5000722B49 /* StockChartsUITests */ = {
			isa = PBXGroup;
			children = (
				1949536625B7BB5000722B49 /* StockChartsUITests.swift */,
				1949536825B7BB5000722B49 /* Info.plist */,
			);
			path = StockChartsUITests;
			sourceTree = "<group>";
		};
/* End PBXGroup section */

/* Begin PBXNativeTarget section */
		1949534525B7BB4C00722B49 /* StockCharts */ = {
			isa = PBXNativeTarget;
			buildConfigurationList = 1949536B25B7BB5000722B49 /* Build configuration list for PBXNativeTarget "StockCharts" */;
			buildPhases = (
				1949534225B7BB4C00722B49 /* Sources */,
				1949534325B7BB4C00722B49 /* Frameworks */,
				1949534425B7BB4C00722B49 /* Resources */,
			);
			buildRules = (
			);
			dependencies = (
			);
			name = StockCharts;
			productName = StockCharts;
			productReference = 1949534625B7BB4C00722B49 /* StockCharts.app */;
			productType = "com.apple.product-type.application";
		};
		1949535625B7BB5000722B49 /* StockChartsTests */ = {
			isa = PBXNativeTarget;
			buildConfigurationList = 1949536E25B7BB5000722B49 /* Build configuration list for PBXNativeTarget "StockChartsTests" */;
			buildPhases = (
				1949535325B7BB5000722B49 /* Sources */,
				1949535425B7BB5000722B49 /* Frameworks */,
				1949535525B7BB5000722B49 /* Resources */,
			);
			buildRules = (
			);
			dependencies = (
				1949535925B7BB5000722B49 /* PBXTargetDependency */,
			);
			name = StockChartsTests;
			productName = StockChartsTests;
			productReference = 1949535725B7BB5000722B49 /* StockChartsTests.xctest */;
			productType = "com.apple.product-type.bundle.unit-test";
		};
		1949536125B7BB5000722B49 /* StockChartsUITests */ = {
			isa = PBXNativeTarget;
			buildConfigurationList = 1949537125B7BB5000722B49 /* Build configuration list for PBXNativeTarget "StockChartsUITests" */;
			buildPhases = (
				1949535E25B7BB5000722B49 /* Sources */,
				1949535F25B7BB5000722B49 /* Frameworks */,
				1949536025B7BB5000722B49 /* Resources */,
			);
			buildRules = (
			);
			dependencies = (
				1949536425B7BB5000722B49 /* PBXTargetDependency */,
			);
			name = StockChartsUITests;
			productName = StockChartsUITests;
			productReference = 1949536225B7BB5000722B49 /* StockChartsUITests.xctest */;
			productType = "com.apple.product-type.bundle.ui-testing";
		};
/* End PBXNativeTarget section */

/* Begin PBXProject section */
		1949533E25B7BB4C00722B49 /* Project object */ = {
			isa = PBXProject;
			attributes = {
				LastSwiftUpdateCheck = 1230;
				LastUpgradeCheck = 1230;
				TargetAttributes = {
					1949534525B7BB4C00722B49 = {
						CreatedOnToolsVersion = 12.3;
					};
					1949535625B7BB5000722B49 = {
						CreatedOnToolsVersion = 12.3;
						TestTargetID = 1949534525B7BB4C00722B49;
					};
					1949536125B7BB5000722B49 = {
						CreatedOnToolsVersion = 12.3;
						TestTargetID = 1949534525B7BB4C00722B49;
					};
				};
			};
			buildConfigurationList = 1949534125B7BB4C00722B49 /* Build configuration list for PBXProject "StockCharts" */;
			compatibilityVersion = "Xcode 9.3";
			developmentRegion = en;
			hasScannedForEncodings = 0;
			knownRegions = (
				en,
				Base,
			);
			mainGroup = 1949533D25B7BB4C00722B49;
			productRefGroup = 1949534725B7BB4C00722B49 /* Products */;
			projectDirPath = "";
			projectRoot = "";
			targets = (
				1949534525B7BB4C00722B49 /* StockCharts */,
				1949535625B7BB5000722B49 /* StockChartsTests */,
				1949536125B7BB5000722B49 /* StockChartsUITests */,
			);
		};
/* End PBXProject section */

/* Begin PBXResourcesBuildPhase section */
		1949534425B7BB4C00722B49 /* Resources */ = {
			isa = PBXResourcesBuildPhase;
			buildActionMask = 2147483647;
			files = (
				1949535125B7BB5000722B49 /* Preview Assets.xcassets in Resources */,
				1949534E25B7BB5000722B49 /* Assets.xcassets in Resources */,
			);
			runOnlyForDeploymentPostprocessing = 0;
		};
		1949535525B7BB5000722B49 /* Resources */ = {
			isa = PBXResourcesBuildPhase;
			buildActionMask = 2147483647;
			files = (
			);
			runOnlyForDeploymentPostprocessing = 0;
		};
		1949536025B7BB5000722B49 /* Resources */ = {
			isa = PBXResourcesBuildPhase;
			buildActionMask = 2147483647;
			files = (
			);
			runOnlyForDeploymentPostprocessing = 0;
		};
/* End PBXResourcesBuildPhase section */

/* Begin PBXSourcesBuildPhase section */
		1949534225B7BB4C00722B49 /* Sources */ = {
			isa = PBXSourcesBuildPhase;
			buildActionMask = 2147483647;
			files = (
				1949534C25B7BB4C00722B49 /* ContentView.swift in Sources */,
				1949534A25B7BB4C00722B49 /* StockChartsApp.swift in Sources */,
			);
			runOnlyForDeploymentPostprocessing = 0;
		};
		1949535325B7BB5000722B49 /* Sources */ = {
			isa = PBXSourcesBuildPhase;
			buildActionMask = 2147483647;
			files = (
				1949535C25B7BB5000722B49 /* StockChartsTests.swift in Sources */,
			);
			runOnlyForDeploymentPostprocessing = 0;
		};
		1949535E25B7BB5000722B49 /* Sources */ = {
			isa = PBXSourcesBuildPhase;
			buildActionMask = 2147483647;
			files = (
				1949536725B7BB5000722B49 /* StockChartsUITests.swift in Sources */,
			);
			runOnlyForDeploymentPostprocessing = 0;
		};
/* End PBXSourcesBuildPhase section */

/* Begin PBXTargetDependency section */
		1949535925B7BB5000722B49 /* PBXTargetDependency */ = {
			isa = PBXTargetDependency;
			target = 1949534525B7BB4C00722B49 /* StockCharts */;
			targetProxy = 1949535825B7BB5000722B49 /* PBXContainerItemProxy */;
		};
		1949536425B7BB5000722B49 /* PBXTargetDependency */ = {
			isa = PBXTargetDependency;
			target = 1949534525B7BB4C00722B49 /* StockCharts */;
			targetProxy = 1949536325B7BB5000722B49 /* PBXContainerItemProxy */;
		};
/* End PBXTargetDependency section */

/* Begin XCBuildConfiguration section */
		1949536925B7BB5000722B49 /* Debug */ = {
			isa = XCBuildConfiguration;
			buildSettings = {
				ALWAYS_SEARCH_USER_PATHS = NO;
				CLANG_ANALYZER_NONNULL = YES;
				CLANG_ANALYZER_NUMBER_OBJECT_CONVERSION = YES_AGGRESSIVE;
				CLANG_CXX_LANGUAGE_STANDARD = "gnu++14";
				CLANG_CXX_LIBRARY = "libc++";
				CLANG_ENABLE_MODULES = YES;
				CLANG_ENABLE_OBJC_ARC = YES;
				CLANG_ENABLE_OBJC_WEAK = YES;
				CLANG_WARN_BLOCK_CAPTURE_AUTORELEASING = YES;
				CLANG_WARN_BOOL_CONVERSION = YES;
				CLANG_WARN_COMMA = YES;
				CLANG_WARN_CONSTANT_CONVERSION = YES;
				CLANG_WARN_DEPRECATED_OBJC_IMPLEMENTATIONS = YES;
				CLANG_WARN_DIRECT_OBJC_ISA_USAGE = YES_ERROR;
				CLANG_WARN_DOCUMENTATION_COMMENTS = YES;
				CLANG_WARN_EMPTY_BODY = YES;
				CLANG_WARN_ENUM_CONVERSION = YES;
				CLANG_WARN_INFINITE_RECURSION = YES;
				CLANG_WARN_INT_CONVERSION = YES;
				CLANG_WARN_NON_LITERAL_NULL_CONVERSION = YES;
				CLANG_WARN_OBJC_IMPLICIT_RETAIN_SELF = YES;
				CLANG_WARN_OBJC_LITERAL_CONVERSION = YES;
				CLANG_WARN_OBJC_ROOT_CLASS = YES_ERROR;
				CLANG_WARN_QUOTED_INCLUDE_IN_FRAMEWORK_HEADER = YES;
				CLANG_WARN_RANGE_LOOP_ANALYSIS = YES;
				CLANG_WARN_STRICT_PROTOTYPES = YES;
				CLANG_WARN_SUSPICIOUS_MOVE = YES;
				CLANG_WARN_UNGUARDED_AVAILABILITY = YES_AGGRESSIVE;
				CLANG_WARN_UNREACHABLE_CODE = YES;
				CLANG_WARN__DUPLICATE_METHOD_MATCH = YES;
				COPY_PHASE_STRIP = NO;
				DEBUG_INFORMATION_FORMAT = dwarf;
				ENABLE_STRICT_OBJC_MSGSEND = YES;
				ENABLE_TESTABILITY = YES;
				GCC_C_LANGUAGE_STANDARD = gnu11;
				GCC_DYNAMIC_NO_PIC = NO;
				GCC_NO_COMMON_BLOCKS = YES;
				GCC_OPTIMIZATION_LEVEL = 0;
				GCC_PREPROCESSOR_DEFINITIONS = (
					"DEBUG=1",
					"$(inherited)",
				);
				GCC_WARN_64_TO_32_BIT_CONVERSION = YES;
				GCC_WARN_ABOUT_RETURN_TYPE = YES_ERROR;
				GCC_WARN_UNDECLARED_SELECTOR = YES;
				GCC_WARN_UNINITIALIZED_AUTOS = YES_AGGRESSIVE;
				GCC_WARN_UNUSED_FUNCTION = YES;
				GCC_WARN_UNUSED_VARIABLE = YES;
				IPHONEOS_DEPLOYMENT_TARGET = 14.3;
				MTL_ENABLE_DEBUG_INFO = INCLUDE_SOURCE;
				MTL_FAST_MATH = YES;
				ONLY_ACTIVE_ARCH = YES;
				SDKROOT = iphoneos;
				SWIFT_ACTIVE_COMPILATION_CONDITIONS = DEBUG;
				SWIFT_OPTIMIZATION_LEVEL = "-Onone";
			};
			name = Debug;
		};
		1949536A25B7BB5000722B49 /* Release */ = {
			isa = XCBuildConfiguration;
			buildSettings = {
				ALWAYS_SEARCH_USER_PATHS = NO;
				CLANG_ANALYZER_NONNULL = YES;
				CLANG_ANALYZER_NUMBER_OBJECT_CONVERSION = YES_AGGRESSIVE;
				CLANG_CXX_LANGUAGE_STANDARD = "gnu++14";
				CLANG_CXX_LIBRARY = "libc++";
				CLANG_ENABLE_MODULES = YES;
				CLANG_ENABLE_OBJC_ARC = YES;
				CLANG_ENABLE_OBJC_WEAK = YES;
				CLANG_WARN_BLOCK_CAPTURE_AUTORELEASING = YES;
				CLANG_WARN_BOOL_CONVERSION = YES;
				CLANG_WARN_COMMA = YES;
				CLANG_WARN_CONSTANT_CONVERSION = YES;
				CLANG_WARN_DEPRECATED_OBJC_IMPLEMENTATIONS = YES;
				CLANG_WARN_DIRECT_OBJC_ISA_USAGE = YES_ERROR;
				CLANG_WARN_DOCUMENTATION_COMMENTS = YES;
				CLANG_WARN_EMPTY_BODY = YES;
				CLANG_WARN_ENUM_CONVERSION = YES;
				CLANG_WARN_INFINITE_RECURSION = YES;
				CLANG_WARN_INT_CONVERSION = YES;
				CLANG_WARN_NON_LITERAL_NULL_CONVERSION = YES;
				CLANG_WARN_OBJC_IMPLICIT_RETAIN_SELF = YES;
				CLANG_WARN_OBJC_LITERAL_CONVERSION = YES;
				CLANG_WARN_OBJC_ROOT_CLASS = YES_ERROR;
				CLANG_WARN_QUOTED_INCLUDE_IN_FRAMEWORK_HEADER = YES;
				CLANG_WARN_RANGE_LOOP_ANALYSIS = YES;
				CLANG_WARN_STRICT_PROTOTYPES = YES;
				CLANG_WARN_SUSPICIOUS_MOVE = YES;
				CLANG_WARN_UNGUARDED_AVAILABILITY = YES_AGGRESSIVE;
				CLANG_WARN_UNREACHABLE_CODE = YES;
				CLANG_WARN__DUPLICATE_METHOD_MATCH = YES;
				COPY_PHASE_STRIP = NO;
				DEBUG_INFORMATION_FORMAT = "dwarf-with-dsym";
				ENABLE_NS_ASSERTIONS = NO;
				ENABLE_STRICT_OBJC_MSGSEND = YES;
				GCC_C_LANGUAGE_STANDARD = gnu11;
				GCC_NO_COMMON_BLOCKS = YES;
				GCC_WARN_64_TO_32_BIT_CONVERSION = YES;
				GCC_WARN_ABOUT_RETURN_TYPE = YES_ERROR;
				GCC_WARN_UNDECLARED_SELECTOR = YES;
				GCC_WARN_UNINITIALIZED_AUTOS = YES_AGGRESSIVE;
				GCC_WARN_UNUSED_FUNCTION = YES;
				GCC_WARN_UNUSED_VARIABLE = YES;
				IPHONEOS_DEPLOYMENT_TARGET = 14.3;
				MTL_ENABLE_DEBUG_INFO = NO;
				MTL_FAST_MATH = YES;
				SDKROOT = iphoneos;
				SWIFT_COMPILATION_MODE = wholemodule;
				SWIFT_OPTIMIZATION_LEVEL = "-O";
				VALIDATE_PRODUCT = YES;
			};
			name = Release;
		};
		1949536C25B7BB5000722B49 /* Debug */ = {
			isa = XCBuildConfiguration;
			buildSettings = {
				ASSETCATALOG_COMPILER_APPICON_NAME = AppIcon;
				ASSETCATALOG_COMPILER_GLOBAL_ACCENT_COLOR_NAME = AccentColor;
				CODE_SIGN_STYLE = Automatic;
				DEVELOPMENT_ASSET_PATHS = "\"StockCharts/Preview Content\"";
				ENABLE_PREVIEWS = YES;
				INFOPLIST_FILE = StockCharts/Info.plist;
				IPHONEOS_DEPLOYMENT_TARGET = 14.0;
				LD_RUNPATH_SEARCH_PATHS = (
					"$(inherited)",
					"@executable_path/Frameworks",
				);
				PRODUCT_BUNDLE_IDENTIFIER = com.philliplakis.StockCharts;
				PRODUCT_NAME = "$(TARGET_NAME)";
				SWIFT_VERSION = 5.0;
				TARGETED_DEVICE_FAMILY = "1,2";
			};
			name = Debug;
		};
		1949536D25B7BB5000722B49 /* Release */ = {
			isa = XCBuildConfiguration;
			buildSettings = {
				ASSETCATALOG_COMPILER_APPICON_NAME = AppIcon;
				ASSETCATALOG_COMPILER_GLOBAL_ACCENT_COLOR_NAME = AccentColor;
				CODE_SIGN_STYLE = Automatic;
				DEVELOPMENT_ASSET_PATHS = "\"StockCharts/Preview Content\"";
				ENABLE_PREVIEWS = YES;
				INFOPLIST_FILE = StockCharts/Info.plist;
				IPHONEOS_DEPLOYMENT_TARGET = 14.0;
				LD_RUNPATH_SEARCH_PATHS = (
					"$(inherited)",
					"@executable_path/Frameworks",
				);
				PRODUCT_BUNDLE_IDENTIFIER = com.philliplakis.StockCharts;
				PRODUCT_NAME = "$(TARGET_NAME)";
				SWIFT_VERSION = 5.0;
				TARGETED_DEVICE_FAMILY = "1,2";
			};
			name = Release;
		};
		1949536F25B7BB5000722B49 /* Debug */ = {
			isa = XCBuildConfiguration;
			buildSettings = {
				ALWAYS_EMBED_SWIFT_STANDARD_LIBRARIES = YES;
				BUNDLE_LOADER = "$(TEST_HOST)";
				CODE_SIGN_STYLE = Automatic;
				INFOPLIST_FILE = StockChartsTests/Info.plist;
				IPHONEOS_DEPLOYMENT_TARGET = 14.0;
				LD_RUNPATH_SEARCH_PATHS = (
					"$(inherited)",
					"@executable_path/Frameworks",
					"@loader_path/Frameworks",
				);
				PRODUCT_BUNDLE_IDENTIFIER = com.philliplakis.StockChartsTests;
				PRODUCT_NAME = "$(TARGET_NAME)";
				SWIFT_VERSION = 5.0;
				TARGETED_DEVICE_FAMILY = "1,2";
				TEST_HOST = "$(BUILT_PRODUCTS_DIR)/StockCharts.app/StockCharts";
			};
			name = Debug;
		};
		1949537025B7BB5000722B49 /* Release */ = {
			isa = XCBuildConfiguration;
			buildSettings = {
				ALWAYS_EMBED_SWIFT_STANDARD_LIBRARIES = YES;
				BUNDLE_LOADER = "$(TEST_HOST)";
				CODE_SIGN_STYLE = Automatic;
				INFOPLIST_FILE = StockChartsTests/Info.plist;
				IPHONEOS_DEPLOYMENT_TARGET = 14.0;
				LD_RUNPATH_SEARCH_PATHS = (
					"$(inherited)",
					"@executable_path/Frameworks",
					"@loader_path/Frameworks",
				);
				PRODUCT_BUNDLE_IDENTIFIER = com.philliplakis.StockChartsTests;
				PRODUCT_NAME = "$(TARGET_NAME)";
				SWIFT_VERSION = 5.0;
				TARGETED_DEVICE_FAMILY = "1,2";
				TEST_HOST = "$(BUILT_PRODUCTS_DIR)/StockCharts.app/StockCharts";
			};
			name = Release;
		};
		1949537225B7BB5000722B49 /* Debug */ = {
			isa = XCBuildConfiguration;
			buildSettings = {
				ALWAYS_EMBED_SWIFT_STANDARD_LIBRARIES = YES;
				CODE_SIGN_STYLE = Automatic;
				INFOPLIST_FILE = StockChartsUITests/Info.plist;
				LD_RUNPATH_SEARCH_PATHS = (
					"$(inherited)",
					"@executable_path/Frameworks",
					"@loader_path/Frameworks",
				);
				PRODUCT_BUNDLE_IDENTIFIER = com.philliplakis.StockChartsUITests;
				PRODUCT_NAME = "$(TARGET_NAME)";
				SWIFT_VERSION = 5.0;
				TARGETED_DEVICE_FAMILY = "1,2";
				TEST_TARGET_NAME = StockCharts;
			};
			name = Debug;
		};
		1949537325B7BB5000722B49 /* Release */ = {
			isa = XCBuildConfiguration;
			buildSettings = {
				ALWAYS_EMBED_SWIFT_STANDARD_LIBRARIES = YES;
				CODE_SIGN_STYLE = Automatic;
				INFOPLIST_FILE = StockChartsUITests/Info.plist;
				LD_RUNPATH_SEARCH_PATHS = (
					"$(inherited)",
					"@executable_path/Frameworks",
					"@loader_path/Frameworks",
				);
				PRODUCT_BUNDLE_IDENTIFIER = com.philliplakis.StockChartsUITests;
				PRODUCT_NAME = "$(TARGET_NAME)";
				SWIFT_VERSION = 5.0;
				TARGETED_DEVICE_FAMILY = "1,2";
				TEST_TARGET_NAME = StockCharts;
			};
			name = Release;
		};
/* End XCBuildConfiguration section */

/* Begin XCConfigurationList section */
		1949534125B7BB4C00722B49 /* Build configuration list for PBXProject "StockCharts" */ = {
			isa = XCConfigurationList;
			buildConfigurations = (
				1949536925B7BB5000722B49 /* Debug */,
				1949536A25B7BB5000722B49 /* Release */,
			);
			defaultConfigurationIsVisible = 0;
			defaultConfigurationName = Release;
		};
		1949536B25B7BB5000722B49 /* Build configuration list for PBXNativeTarget "StockCharts" */ = {
			isa = XCConfigurationList;
			buildConfigurations = (
				1949536C25B7BB5000722B49 /* Debug */,
				1949536D25B7BB5000722B49 /* Release */,
			);
			defaultConfigurationIsVisible = 0;
			defaultConfigurationName = Release;
		};
		1949536E25B7BB5000722B49 /* Build configuration list for PBXNativeTarget "StockChartsTests" */ = {
			isa = XCConfigurationList;
			buildConfigurations = (
				1949536F25B7BB5000722B49 /* Debug */,
				1949537025B7BB5000722B49 /* Release */,
			);
			defaultConfigurationIsVisible = 0;
			defaultConfigurationName = Release;
		};
		1949537125B7BB5000722B49 /* Build configuration list for PBXNativeTarget "StockChartsUITests" */ = {
			isa = XCConfigurationList;
			buildConfigurations = (
				1949537225B7BB5000722B49 /* Debug */,
				1949537325B7BB5000722B49 /* Release */,
			);
			defaultConfigurationIsVisible = 0;
			defaultConfigurationName = Release;
		};
/* End XCConfigurationList section */
	};
	rootObject = 1949533E25B7BB4C00722B49 /* Project object */;
}
